// !$*UTF8*$!
{
	archiveVersion = 1;
	classes = {
	};
	objectVersion = 56;
	objects = {

/* Begin PBXBuildFile section */
		BD028CD12A4DC4D1007525FB /* Butchers-Page.swift in Sources */ = {isa = PBXBuildFile; fileRef = BD028CD02A4DC4D1007525FB /* Butchers-Page.swift */; };
		BD028D112A4DC8D0007525FB /* Butcher-Death2.swift in Sources */ = {isa = PBXBuildFile; fileRef = BD028D102A4DC8D0007525FB /* Butcher-Death2.swift */; };
		BD047C3A2A4C866F0026676D /* Passcode.swift in Sources */ = {isa = PBXBuildFile; fileRef = BD047C392A4C866F0026676D /* Passcode.swift */; };
		BD10CDF22A4DCBE50002E87D /* CielingCloseUp.swift in Sources */ = {isa = PBXBuildFile; fileRef = BD10CDF12A4DCBE50002E87D /* CielingCloseUp.swift */; };
		BD10CDF42A4DCBF40002E87D /* FloorCloseUp.swift in Sources */ = {isa = PBXBuildFile; fileRef = BD10CDF32A4DCBF40002E87D /* FloorCloseUp.swift */; };
		BD10CDF62A4DCC050002E87D /* NightstandCloseUp.swift in Sources */ = {isa = PBXBuildFile; fileRef = BD10CDF52A4DCC050002E87D /* NightstandCloseUp.swift */; };
		BD10CDF82A4DCC100002E87D /* BedCloseUp.swift in Sources */ = {isa = PBXBuildFile; fileRef = BD10CDF72A4DCC100002E87D /* BedCloseUp.swift */; };
		BD10CDFA2A4DCC420002E87D /* PasscodeCloseUp.swift in Sources */ = {isa = PBXBuildFile; fileRef = BD10CDF92A4DCC420002E87D /* PasscodeCloseUp.swift */; };
		BD2D4F162A4B1BD4000D0D20 /* StalkingKillingApp.swift in Sources */ = {isa = PBXBuildFile; fileRef = BD2D4F152A4B1BD4000D0D20 /* StalkingKillingApp.swift */; };
		BD2D4F182A4B1BD4000D0D20 /* ContentView.swift in Sources */ = {isa = PBXBuildFile; fileRef = BD2D4F172A4B1BD4000D0D20 /* ContentView.swift */; };
		BD2D4F1A2A4B1BE1000D0D20 /* Assets.xcassets in Resources */ = {isa = PBXBuildFile; fileRef = BD2D4F192A4B1BE1000D0D20 /* Assets.xcassets */; };
		BD2D4F1D2A4B1BE1000D0D20 /* Preview Assets.xcassets in Resources */ = {isa = PBXBuildFile; fileRef = BD2D4F1C2A4B1BE1000D0D20 /* Preview Assets.xcassets */; };
		BD70809A2A4CA7E300F84D88 /* ButchersDeath.swift in Sources */ = {isa = PBXBuildFile; fileRef = BD7080992A4CA7E300F84D88 /* ButchersDeath.swift */; };
		BD793B3D2A4C68E00062C302 /* TitleScreen.swift in Sources */ = {isa = PBXBuildFile; fileRef = BD793B3C2A4C68E00062C302 /* TitleScreen.swift */; };
		BD96A47F2A4B34450095820B /* CanYouHearMe-Death.swift in Sources */ = {isa = PBXBuildFile; fileRef = BD96A47E2A4B34450095820B /* CanYouHearMe-Death.swift */; };
		BD96A4812A4B35860095820B /* CannonBall-Death.swift in Sources */ = {isa = PBXBuildFile; fileRef = BD96A4802A4B35860095820B /* CannonBall-Death.swift */; };
		BD96A4832A4B37F30095820B /* ToughBreak-Death.swift in Sources */ = {isa = PBXBuildFile; fileRef = BD96A4822A4B37F30095820B /* ToughBreak-Death.swift */; };
		BDAA183A2A4C927200FDA679 /* CannonBall-Page.swift in Sources */ = {isa = PBXBuildFile; fileRef = BDAA18392A4C927200FDA679 /* CannonBall-Page.swift */; };
		BDAD71F12A4C7A3900362436 /* Doors-Page.swift in Sources */ = {isa = PBXBuildFile; fileRef = BDAD71F02A4C7A3900362436 /* Doors-Page.swift */; };
		BDC995D42A4DB9FB00ACC752 /* Spikes-Death.swift in Sources */ = {isa = PBXBuildFile; fileRef = BDC995D32A4DB9FB00ACC752 /* Spikes-Death.swift */; };
/* End PBXBuildFile section */

/* Begin PBXFileReference section */
		BD028CD02A4DC4D1007525FB /* Butchers-Page.swift */ = {isa = PBXFileReference; lastKnownFileType = sourcecode.swift; path = "Butchers-Page.swift"; sourceTree = "<group>"; };
		BD028D102A4DC8D0007525FB /* Butcher-Death2.swift */ = {isa = PBXFileReference; lastKnownFileType = sourcecode.swift; path = "Butcher-Death2.swift"; sourceTree = "<group>"; };
		BD047C392A4C866F0026676D /* Passcode.swift */ = {isa = PBXFileReference; lastKnownFileType = sourcecode.swift; path = Passcode.swift; sourceTree = "<group>"; };
		BD10CDF12A4DCBE50002E87D /* CielingCloseUp.swift */ = {isa = PBXFileReference; lastKnownFileType = sourcecode.swift; path = CielingCloseUp.swift; sourceTree = "<group>"; };
		BD10CDF32A4DCBF40002E87D /* FloorCloseUp.swift */ = {isa = PBXFileReference; lastKnownFileType = sourcecode.swift; path = FloorCloseUp.swift; sourceTree = "<group>"; };
		BD10CDF52A4DCC050002E87D /* NightstandCloseUp.swift */ = {isa = PBXFileReference; lastKnownFileType = sourcecode.swift; path = NightstandCloseUp.swift; sourceTree = "<group>"; };
		BD10CDF72A4DCC100002E87D /* BedCloseUp.swift */ = {isa = PBXFileReference; lastKnownFileType = sourcecode.swift; path = BedCloseUp.swift; sourceTree = "<group>"; };
		BD10CDF92A4DCC420002E87D /* PasscodeCloseUp.swift */ = {isa = PBXFileReference; lastKnownFileType = sourcecode.swift; path = PasscodeCloseUp.swift; sourceTree = "<group>"; };
		BD2D4F122A4B1BD4000D0D20 /* StalkingKilling.app */ = {isa = PBXFileReference; explicitFileType = wrapper.application; includeInIndex = 0; path = StalkingKilling.app; sourceTree = BUILT_PRODUCTS_DIR; };
		BD2D4F152A4B1BD4000D0D20 /* StalkingKillingApp.swift */ = {isa = PBXFileReference; lastKnownFileType = sourcecode.swift; path = StalkingKillingApp.swift; sourceTree = "<group>"; };
		BD2D4F172A4B1BD4000D0D20 /* ContentView.swift */ = {isa = PBXFileReference; lastKnownFileType = sourcecode.swift; path = ContentView.swift; sourceTree = "<group>"; };
		BD2D4F192A4B1BE1000D0D20 /* Assets.xcassets */ = {isa = PBXFileReference; lastKnownFileType = folder.assetcatalog; path = Assets.xcassets; sourceTree = "<group>"; };
		BD2D4F1C2A4B1BE1000D0D20 /* Preview Assets.xcassets */ = {isa = PBXFileReference; lastKnownFileType = folder.assetcatalog; path = "Preview Assets.xcassets"; sourceTree = "<group>"; };
		BD7080992A4CA7E300F84D88 /* ButchersDeath.swift */ = {isa = PBXFileReference; lastKnownFileType = sourcecode.swift; path = ButchersDeath.swift; sourceTree = "<group>"; };
		BD793B3C2A4C68E00062C302 /* TitleScreen.swift */ = {isa = PBXFileReference; lastKnownFileType = sourcecode.swift; path = TitleScreen.swift; sourceTree = "<group>"; };
		BD96A47E2A4B34450095820B /* CanYouHearMe-Death.swift */ = {isa = PBXFileReference; lastKnownFileType = sourcecode.swift; path = "CanYouHearMe-Death.swift"; sourceTree = "<group>"; };
		BD96A4802A4B35860095820B /* CannonBall-Death.swift */ = {isa = PBXFileReference; lastKnownFileType = sourcecode.swift; path = "CannonBall-Death.swift"; sourceTree = "<group>"; };
		BD96A4822A4B37F30095820B /* ToughBreak-Death.swift */ = {isa = PBXFileReference; lastKnownFileType = sourcecode.swift; path = "ToughBreak-Death.swift"; sourceTree = "<group>"; };
		BDAA18392A4C927200FDA679 /* CannonBall-Page.swift */ = {isa = PBXFileReference; lastKnownFileType = sourcecode.swift; path = "CannonBall-Page.swift"; sourceTree = "<group>"; };
		BDAD71F02A4C7A3900362436 /* Doors-Page.swift */ = {isa = PBXFileReference; lastKnownFileType = sourcecode.swift; path = "Doors-Page.swift"; sourceTree = "<group>"; };
		BDC995D32A4DB9FB00ACC752 /* Spikes-Death.swift */ = {isa = PBXFileReference; lastKnownFileType = sourcecode.swift; path = "Spikes-Death.swift"; sourceTree = "<group>"; };
/* End PBXFileReference section */

/* Begin PBXFrameworksBuildPhase section */
		BD2D4F0F2A4B1BD4000D0D20 /* Frameworks */ = {
			isa = PBXFrameworksBuildPhase;
			buildActionMask = 2147483647;
			files = (
			);
			runOnlyForDeploymentPostprocessing = 0;
		};
/* End PBXFrameworksBuildPhase section */

/* Begin PBXGroup section */
		BD2D4F092A4B1BD4000D0D20 = {
			isa = PBXGroup;
			children = (
				BD2D4F142A4B1BD4000D0D20 /* StalkingKilling */,
				BD2D4F132A4B1BD4000D0D20 /* Products */,
			);
			sourceTree = "<group>";
		};
		BD2D4F132A4B1BD4000D0D20 /* Products */ = {
			isa = PBXGroup;
			children = (
				BD2D4F122A4B1BD4000D0D20 /* StalkingKilling.app */,
			);
			name = Products;
			sourceTree = "<group>";
		};
		BD2D4F142A4B1BD4000D0D20 /* StalkingKilling */ = {
			isa = PBXGroup;
			children = (
				BD2D4F152A4B1BD4000D0D20 /* StalkingKillingApp.swift */,
				BD2D4F172A4B1BD4000D0D20 /* ContentView.swift */,
				BD793B3C2A4C68E00062C302 /* TitleScreen.swift */,
				BD047C392A4C866F0026676D /* Passcode.swift */,
				BD10CDF12A4DCBE50002E87D /* CielingCloseUp.swift */,
				BD10CDF72A4DCC100002E87D /* BedCloseUp.swift */,
				BD10CDF32A4DCBF40002E87D /* FloorCloseUp.swift */,
				BD10CDF52A4DCC050002E87D /* NightstandCloseUp.swift */,
				BD10CDF92A4DCC420002E87D /* PasscodeCloseUp.swift */,
				BDAD71F02A4C7A3900362436 /* Doors-Page.swift */,
				BD028CD02A4DC4D1007525FB /* Butchers-Page.swift */,
				BD028D102A4DC8D0007525FB /* Butcher-Death2.swift */,
				BDAA18392A4C927200FDA679 /* CannonBall-Page.swift */,
				BDC995D32A4DB9FB00ACC752 /* Spikes-Death.swift */,
				BD96A47E2A4B34450095820B /* CanYouHearMe-Death.swift */,
				BD96A4802A4B35860095820B /* CannonBall-Death.swift */,
				BD96A4822A4B37F30095820B /* ToughBreak-Death.swift */,
				BD7080992A4CA7E300F84D88 /* ButchersDeath.swift */,
				BD2D4F192A4B1BE1000D0D20 /* Assets.xcassets */,
				BD2D4F1B2A4B1BE1000D0D20 /* Preview Content */,
			);
			path = StalkingKilling;
			sourceTree = "<group>";
		};
		BD2D4F1B2A4B1BE1000D0D20 /* Preview Content */ = {
			isa = PBXGroup;
			children = (
				BD2D4F1C2A4B1BE1000D0D20 /* Preview Assets.xcassets */,
			);
			path = "Preview Content";
			sourceTree = "<group>";
		};
/* End PBXGroup section */

/* Begin PBXNativeTarget section */
		BD2D4F112A4B1BD4000D0D20 /* StalkingKilling */ = {
			isa = PBXNativeTarget;
			buildConfigurationList = BD2D4F202A4B1BE1000D0D20 /* Build configuration list for PBXNativeTarget "StalkingKilling" */;
			buildPhases = (
				BD2D4F0E2A4B1BD4000D0D20 /* Sources */,
				BD2D4F0F2A4B1BD4000D0D20 /* Frameworks */,
				BD2D4F102A4B1BD4000D0D20 /* Resources */,
			);
			buildRules = (
			);
			dependencies = (
			);
			name = StalkingKilling;
			productName = StalkingKilling;
			productReference = BD2D4F122A4B1BD4000D0D20 /* StalkingKilling.app */;
			productType = "com.apple.product-type.application";
		};
/* End PBXNativeTarget section */

/* Begin PBXProject section */
		BD2D4F0A2A4B1BD4000D0D20 /* Project object */ = {
			isa = PBXProject;
			attributes = {
				BuildIndependentTargetsInParallel = 1;
				LastSwiftUpdateCheck = 1430;
				LastUpgradeCheck = 1430;
				TargetAttributes = {
					BD2D4F112A4B1BD4000D0D20 = {
						CreatedOnToolsVersion = 14.3.1;
					};
				};
			};
			buildConfigurationList = BD2D4F0D2A4B1BD4000D0D20 /* Build configuration list for PBXProject "StalkingKilling" */;
			compatibilityVersion = "Xcode 14.0";
			developmentRegion = en;
			hasScannedForEncodings = 0;
			knownRegions = (
				en,
				Base,
			);
			mainGroup = BD2D4F092A4B1BD4000D0D20;
			productRefGroup = BD2D4F132A4B1BD4000D0D20 /* Products */;
			projectDirPath = "";
			projectRoot = "";
			targets = (
				BD2D4F112A4B1BD4000D0D20 /* StalkingKilling */,
			);
		};
/* End PBXProject section */

/* Begin PBXResourcesBuildPhase section */
		BD2D4F102A4B1BD4000D0D20 /* Resources */ = {
			isa = PBXResourcesBuildPhase;
			buildActionMask = 2147483647;
			files = (
				BD2D4F1D2A4B1BE1000D0D20 /* Preview Assets.xcassets in Resources */,
				BD2D4F1A2A4B1BE1000D0D20 /* Assets.xcassets in Resources */,
			);
			runOnlyForDeploymentPostprocessing = 0;
		};
/* End PBXResourcesBuildPhase section */

/* Begin PBXSourcesBuildPhase section */
		BD2D4F0E2A4B1BD4000D0D20 /* Sources */ = {
			isa = PBXSourcesBuildPhase;
			buildActionMask = 2147483647;
			files = (
				BD793B3D2A4C68E00062C302 /* TitleScreen.swift in Sources */,
				BD10CDF62A4DCC050002E87D /* NightstandCloseUp.swift in Sources */,
				BD10CDF42A4DCBF40002E87D /* FloorCloseUp.swift in Sources */,
				BD10CDFA2A4DCC420002E87D /* PasscodeCloseUp.swift in Sources */,
				BD2D4F182A4B1BD4000D0D20 /* ContentView.swift in Sources */,
				BD028D112A4DC8D0007525FB /* Butcher-Death2.swift in Sources */,
				BD70809A2A4CA7E300F84D88 /* ButchersDeath.swift in Sources */,
				BD96A4812A4B35860095820B /* CannonBall-Death.swift in Sources */,
				BDC995D42A4DB9FB00ACC752 /* Spikes-Death.swift in Sources */,
				BD047C3A2A4C866F0026676D /* Passcode.swift in Sources */,
				BD10CDF22A4DCBE50002E87D /* CielingCloseUp.swift in Sources */,
				BDAA183A2A4C927200FDA679 /* CannonBall-Page.swift in Sources */,
				BDAD71F12A4C7A3900362436 /* Doors-Page.swift in Sources */,
				BD028CD12A4DC4D1007525FB /* Butchers-Page.swift in Sources */,
				BD10CDF82A4DCC100002E87D /* BedCloseUp.swift in Sources */,
				BD2D4F162A4B1BD4000D0D20 /* StalkingKillingApp.swift in Sources */,
				BD96A4832A4B37F30095820B /* ToughBreak-Death.swift in Sources */,
				BD96A47F2A4B34450095820B /* CanYouHearMe-Death.swift in Sources */,
			);
			runOnlyForDeploymentPostprocessing = 0;
		};
/* End PBXSourcesBuildPhase section */

/* Begin XCBuildConfiguration section */
		BD2D4F1E2A4B1BE1000D0D20 /* Debug */ = {
			isa = XCBuildConfiguration;
			buildSettings = {
				ALWAYS_SEARCH_USER_PATHS = NO;
				CLANG_ANALYZER_NONNULL = YES;
				CLANG_ANALYZER_NUMBER_OBJECT_CONVERSION = YES_AGGRESSIVE;
				CLANG_CXX_LANGUAGE_STANDARD = "gnu++20";
				CLANG_ENABLE_MODULES = YES;
				CLANG_ENABLE_OBJC_ARC = YES;
				CLANG_ENABLE_OBJC_WEAK = YES;
				CLANG_WARN_BLOCK_CAPTURE_AUTORELEASING = YES;
				CLANG_WARN_BOOL_CONVERSION = YES;
				CLANG_WARN_COMMA = YES;
				CLANG_WARN_CONSTANT_CONVERSION = YES;
				CLANG_WARN_DEPRECATED_OBJC_IMPLEMENTATIONS = YES;
				CLANG_WARN_DIRECT_OBJC_ISA_USAGE = YES_ERROR;
				CLANG_WARN_DOCUMENTATION_COMMENTS = YES;
				CLANG_WARN_EMPTY_BODY = YES;
				CLANG_WARN_ENUM_CONVERSION = YES;
				CLANG_WARN_INFINITE_RECURSION = YES;
				CLANG_WARN_INT_CONVERSION = YES;
				CLANG_WARN_NON_LITERAL_NULL_CONVERSION = YES;
				CLANG_WARN_OBJC_IMPLICIT_RETAIN_SELF = YES;
				CLANG_WARN_OBJC_LITERAL_CONVERSION = YES;
				CLANG_WARN_OBJC_ROOT_CLASS = YES_ERROR;
				CLANG_WARN_QUOTED_INCLUDE_IN_FRAMEWORK_HEADER = YES;
				CLANG_WARN_RANGE_LOOP_ANALYSIS = YES;
				CLANG_WARN_STRICT_PROTOTYPES = YES;
				CLANG_WARN_SUSPICIOUS_MOVE = YES;
				CLANG_WARN_UNGUARDED_AVAILABILITY = YES_AGGRESSIVE;
				CLANG_WARN_UNREACHABLE_CODE = YES;
				CLANG_WARN__DUPLICATE_METHOD_MATCH = YES;
				COPY_PHASE_STRIP = NO;
				DEBUG_INFORMATION_FORMAT = dwarf;
				ENABLE_STRICT_OBJC_MSGSEND = YES;
				ENABLE_TESTABILITY = YES;
				GCC_C_LANGUAGE_STANDARD = gnu11;
				GCC_DYNAMIC_NO_PIC = NO;
				GCC_NO_COMMON_BLOCKS = YES;
				GCC_OPTIMIZATION_LEVEL = 0;
				GCC_PREPROCESSOR_DEFINITIONS = (
					"DEBUG=1",
					"$(inherited)",
				);
				GCC_WARN_64_TO_32_BIT_CONVERSION = YES;
				GCC_WARN_ABOUT_RETURN_TYPE = YES_ERROR;
				GCC_WARN_UNDECLARED_SELECTOR = YES;
				GCC_WARN_UNINITIALIZED_AUTOS = YES_AGGRESSIVE;
				GCC_WARN_UNUSED_FUNCTION = YES;
				GCC_WARN_UNUSED_VARIABLE = YES;
				IPHONEOS_DEPLOYMENT_TARGET = 16.4;
				MTL_ENABLE_DEBUG_INFO = INCLUDE_SOURCE;
				MTL_FAST_MATH = YES;
				ONLY_ACTIVE_ARCH = YES;
				SDKROOT = iphoneos;
				SWIFT_ACTIVE_COMPILATION_CONDITIONS = DEBUG;
				SWIFT_OPTIMIZATION_LEVEL = "-Onone";
			};
			name = Debug;
		};
		BD2D4F1F2A4B1BE1000D0D20 /* Release */ = {
			isa = XCBuildConfiguration;
			buildSettings = {
				ALWAYS_SEARCH_USER_PATHS = NO;
				CLANG_ANALYZER_NONNULL = YES;
				CLANG_ANALYZER_NUMBER_OBJECT_CONVERSION = YES_AGGRESSIVE;
				CLANG_CXX_LANGUAGE_STANDARD = "gnu++20";
				CLANG_ENABLE_MODULES = YES;
				CLANG_ENABLE_OBJC_ARC = YES;
				CLANG_ENABLE_OBJC_WEAK = YES;
				CLANG_WARN_BLOCK_CAPTURE_AUTORELEASING = YES;
				CLANG_WARN_BOOL_CONVERSION = YES;
				CLANG_WARN_COMMA = YES;
				CLANG_WARN_CONSTANT_CONVERSION = YES;
				CLANG_WARN_DEPRECATED_OBJC_IMPLEMENTATIONS = YES;
				CLANG_WARN_DIRECT_OBJC_ISA_USAGE = YES_ERROR;
				CLANG_WARN_DOCUMENTATION_COMMENTS = YES;
				CLANG_WARN_EMPTY_BODY = YES;
				CLANG_WARN_ENUM_CONVERSION = YES;
				CLANG_WARN_INFINITE_RECURSION = YES;
				CLANG_WARN_INT_CONVERSION = YES;
				CLANG_WARN_NON_LITERAL_NULL_CONVERSION = YES;
				CLANG_WARN_OBJC_IMPLICIT_RETAIN_SELF = YES;
				CLANG_WARN_OBJC_LITERAL_CONVERSION = YES;
				CLANG_WARN_OBJC_ROOT_CLASS = YES_ERROR;
				CLANG_WARN_QUOTED_INCLUDE_IN_FRAMEWORK_HEADER = YES;
				CLANG_WARN_RANGE_LOOP_ANALYSIS = YES;
				CLANG_WARN_STRICT_PROTOTYPES = YES;
				CLANG_WARN_SUSPICIOUS_MOVE = YES;
				CLANG_WARN_UNGUARDED_AVAILABILITY = YES_AGGRESSIVE;
				CLANG_WARN_UNREACHABLE_CODE = YES;
				CLANG_WARN__DUPLICATE_METHOD_MATCH = YES;
				COPY_PHASE_STRIP = NO;
				DEBUG_INFORMATION_FORMAT = "dwarf-with-dsym";
				ENABLE_NS_ASSERTIONS = NO;
				ENABLE_STRICT_OBJC_MSGSEND = YES;
				GCC_C_LANGUAGE_STANDARD = gnu11;
				GCC_NO_COMMON_BLOCKS = YES;
				GCC_WARN_64_TO_32_BIT_CONVERSION = YES;
				GCC_WARN_ABOUT_RETURN_TYPE = YES_ERROR;
				GCC_WARN_UNDECLARED_SELECTOR = YES;
				GCC_WARN_UNINITIALIZED_AUTOS = YES_AGGRESSIVE;
				GCC_WARN_UNUSED_FUNCTION = YES;
				GCC_WARN_UNUSED_VARIABLE = YES;
				IPHONEOS_DEPLOYMENT_TARGET = 16.4;
				MTL_ENABLE_DEBUG_INFO = NO;
				MTL_FAST_MATH = YES;
				SDKROOT = iphoneos;
				SWIFT_COMPILATION_MODE = wholemodule;
				SWIFT_OPTIMIZATION_LEVEL = "-O";
				VALIDATE_PRODUCT = YES;
			};
			name = Release;
		};
		BD2D4F212A4B1BE1000D0D20 /* Debug */ = {
			isa = XCBuildConfiguration;
			buildSettings = {
				ASSETCATALOG_COMPILER_APPICON_NAME = AppIcon;
				ASSETCATALOG_COMPILER_GLOBAL_ACCENT_COLOR_NAME = AccentColor;
				CODE_SIGN_STYLE = Automatic;
				CURRENT_PROJECT_VERSION = 1;
				DEVELOPMENT_ASSET_PATHS = "\"StalkingKilling/Preview Content\"";
				ENABLE_PREVIEWS = YES;
				GENERATE_INFOPLIST_FILE = YES;
				INFOPLIST_KEY_UIApplicationSceneManifest_Generation = YES;
				INFOPLIST_KEY_UIApplicationSupportsIndirectInputEvents = YES;
				INFOPLIST_KEY_UILaunchScreen_Generation = YES;
				INFOPLIST_KEY_UISupportedInterfaceOrientations_iPad = "UIInterfaceOrientationPortrait UIInterfaceOrientationPortraitUpsideDown UIInterfaceOrientationLandscapeLeft UIInterfaceOrientationLandscapeRight";
				INFOPLIST_KEY_UISupportedInterfaceOrientations_iPhone = "UIInterfaceOrientationPortrait UIInterfaceOrientationLandscapeLeft UIInterfaceOrientationLandscapeRight";
				LD_RUNPATH_SEARCH_PATHS = (
					"$(inherited)",
					"@executable_path/Frameworks",
				);
				MARKETING_VERSION = 1.0;
				PRODUCT_BUNDLE_IDENTIFIER = kwk.StalkingKilling;
				PRODUCT_NAME = "$(TARGET_NAME)";
				SWIFT_EMIT_LOC_STRINGS = YES;
				SWIFT_VERSION = 5.0;
				TARGETED_DEVICE_FAMILY = "1,2";
			};
			name = Debug;
		};
		BD2D4F222A4B1BE1000D0D20 /* Release */ = {
			isa = XCBuildConfiguration;
			buildSettings = {
				ASSETCATALOG_COMPILER_APPICON_NAME = AppIcon;
				ASSETCATALOG_COMPILER_GLOBAL_ACCENT_COLOR_NAME = AccentColor;
				CODE_SIGN_STYLE = Automatic;
				CURRENT_PROJECT_VERSION = 1;
				DEVELOPMENT_ASSET_PATHS = "\"StalkingKilling/Preview Content\"";
				ENABLE_PREVIEWS = YES;
				GENERATE_INFOPLIST_FILE = YES;
				INFOPLIST_KEY_UIApplicationSceneManifest_Generation = YES;
				INFOPLIST_KEY_UIApplicationSupportsIndirectInputEvents = YES;
				INFOPLIST_KEY_UILaunchScreen_Generation = YES;
				INFOPLIST_KEY_UISupportedInterfaceOrientations_iPad = "UIInterfaceOrientationPortrait UIInterfaceOrientationPortraitUpsideDown UIInterfaceOrientationLandscapeLeft UIInterfaceOrientationLandscapeRight";
				INFOPLIST_KEY_UISupportedInterfaceOrientations_iPhone = "UIInterfaceOrientationPortrait UIInterfaceOrientationLandscapeLeft UIInterfaceOrientationLandscapeRight";
				LD_RUNPATH_SEARCH_PATHS = (
					"$(inherited)",
					"@executable_path/Frameworks",
				);
				MARKETING_VERSION = 1.0;
				PRODUCT_BUNDLE_IDENTIFIER = kwk.StalkingKilling;
				PRODUCT_NAME = "$(TARGET_NAME)";
				SWIFT_EMIT_LOC_STRINGS = YES;
				SWIFT_VERSION = 5.0;
				TARGETED_DEVICE_FAMILY = "1,2";
			};
			name = Release;
		};
/* End XCBuildConfiguration section */

/* Begin XCConfigurationList section */
		BD2D4F0D2A4B1BD4000D0D20 /* Build configuration list for PBXProject "StalkingKilling" */ = {
			isa = XCConfigurationList;
			buildConfigurations = (
				BD2D4F1E2A4B1BE1000D0D20 /* Debug */,
				BD2D4F1F2A4B1BE1000D0D20 /* Release */,
			);
			defaultConfigurationIsVisible = 0;
			defaultConfigurationName = Release;
		};
		BD2D4F202A4B1BE1000D0D20 /* Build configuration list for PBXNativeTarget "StalkingKilling" */ = {
			isa = XCConfigurationList;
			buildConfigurations = (
				BD2D4F212A4B1BE1000D0D20 /* Debug */,
				BD2D4F222A4B1BE1000D0D20 /* Release */,
			);
			defaultConfigurationIsVisible = 0;
			defaultConfigurationName = Release;
		};
/* End XCConfigurationList section */
	};
	rootObject = BD2D4F0A2A4B1BD4000D0D20 /* Project object */;
}
